// !$*UTF8*$!
{
	archiveVersion = 1;
	classes = {
	};
	objectVersion = 56;
	objects = {

/* Begin PBXBuildFile section */
		6EA51CAA2AABD36A005E1FDB /* MarvelCheetsheetApp.swift in Sources */ = {isa = PBXBuildFile; fileRef = 6EA51CA92AABD36A005E1FDB /* MarvelCheetsheetApp.swift */; };
		6EA51CAC2AABD36A005E1FDB /* ContentView.swift in Sources */ = {isa = PBXBuildFile; fileRef = 6EA51CAB2AABD36A005E1FDB /* ContentView.swift */; };
		6EA51CAE2AABD36A005E1FDB /* Assets.xcassets in Resources */ = {isa = PBXBuildFile; fileRef = 6EA51CAD2AABD36A005E1FDB /* Assets.xcassets */; };
		6EA51CB22AABD36A005E1FDB /* Preview Assets.xcassets in Resources */ = {isa = PBXBuildFile; fileRef = 6EA51CB12AABD36A005E1FDB /* Preview Assets.xcassets */; };
		6EA51CBC2AABD36B005E1FDB /* MarvelCheetsheetTests.swift in Sources */ = {isa = PBXBuildFile; fileRef = 6EA51CBB2AABD36B005E1FDB /* MarvelCheetsheetTests.swift */; };
		6EA51CC62AABD36B005E1FDB /* MarvelCheetsheetUITests.swift in Sources */ = {isa = PBXBuildFile; fileRef = 6EA51CC52AABD36B005E1FDB /* MarvelCheetsheetUITests.swift */; };
		6EA51CC82AABD36B005E1FDB /* MarvelCheetsheetUITestsLaunchTests.swift in Sources */ = {isa = PBXBuildFile; fileRef = 6EA51CC72AABD36B005E1FDB /* MarvelCheetsheetUITestsLaunchTests.swift */; };
/* End PBXBuildFile section */

/* Begin PBXContainerItemProxy section */
		6EA51CB82AABD36B005E1FDB /* PBXContainerItemProxy */ = {
			isa = PBXContainerItemProxy;
			containerPortal = 6EA51C9E2AABD36A005E1FDB /* Project object */;
			proxyType = 1;
			remoteGlobalIDString = 6EA51CA52AABD36A005E1FDB;
			remoteInfo = MarvelCheetsheet;
		};
		6EA51CC22AABD36B005E1FDB /* PBXContainerItemProxy */ = {
			isa = PBXContainerItemProxy;
			containerPortal = 6EA51C9E2AABD36A005E1FDB /* Project object */;
			proxyType = 1;
			remoteGlobalIDString = 6EA51CA52AABD36A005E1FDB;
			remoteInfo = MarvelCheetsheet;
		};
/* End PBXContainerItemProxy section */

/* Begin PBXFileReference section */
		6EA51CA62AABD36A005E1FDB /* MarvelCheetsheet.app */ = {isa = PBXFileReference; explicitFileType = wrapper.application; includeInIndex = 0; path = MarvelCheetsheet.app; sourceTree = BUILT_PRODUCTS_DIR; };
		6EA51CA92AABD36A005E1FDB /* MarvelCheetsheetApp.swift */ = {isa = PBXFileReference; lastKnownFileType = sourcecode.swift; path = MarvelCheetsheetApp.swift; sourceTree = "<group>"; };
		6EA51CAB2AABD36A005E1FDB /* ContentView.swift */ = {isa = PBXFileReference; lastKnownFileType = sourcecode.swift; path = ContentView.swift; sourceTree = "<group>"; };
		6EA51CAD2AABD36A005E1FDB /* Assets.xcassets */ = {isa = PBXFileReference; lastKnownFileType = folder.assetcatalog; path = Assets.xcassets; sourceTree = "<group>"; };
		6EA51CAF2AABD36A005E1FDB /* MarvelCheetsheet.entitlements */ = {isa = PBXFileReference; lastKnownFileType = text.plist.entitlements; path = MarvelCheetsheet.entitlements; sourceTree = "<group>"; };
		6EA51CB12AABD36A005E1FDB /* Preview Assets.xcassets */ = {isa = PBXFileReference; lastKnownFileType = folder.assetcatalog; path = "Preview Assets.xcassets"; sourceTree = "<group>"; };
		6EA51CB72AABD36B005E1FDB /* MarvelCheetsheetTests.xctest */ = {isa = PBXFileReference; explicitFileType = wrapper.cfbundle; includeInIndex = 0; path = MarvelCheetsheetTests.xctest; sourceTree = BUILT_PRODUCTS_DIR; };
		6EA51CBB2AABD36B005E1FDB /* MarvelCheetsheetTests.swift */ = {isa = PBXFileReference; lastKnownFileType = sourcecode.swift; path = MarvelCheetsheetTests.swift; sourceTree = "<group>"; };
		6EA51CC12AABD36B005E1FDB /* MarvelCheetsheetUITests.xctest */ = {isa = PBXFileReference; explicitFileType = wrapper.cfbundle; includeInIndex = 0; path = MarvelCheetsheetUITests.xctest; sourceTree = BUILT_PRODUCTS_DIR; };
		6EA51CC52AABD36B005E1FDB /* MarvelCheetsheetUITests.swift */ = {isa = PBXFileReference; lastKnownFileType = sourcecode.swift; path = MarvelCheetsheetUITests.swift; sourceTree = "<group>"; };
		6EA51CC72AABD36B005E1FDB /* MarvelCheetsheetUITestsLaunchTests.swift */ = {isa = PBXFileReference; lastKnownFileType = sourcecode.swift; path = MarvelCheetsheetUITestsLaunchTests.swift; sourceTree = "<group>"; };
/* End PBXFileReference section */

/* Begin PBXFrameworksBuildPhase section */
		6EA51CA32AABD36A005E1FDB /* Frameworks */ = {
			isa = PBXFrameworksBuildPhase;
			buildActionMask = 2147483647;
			files = (
			);
			runOnlyForDeploymentPostprocessing = 0;
		};
		6EA51CB42AABD36B005E1FDB /* Frameworks */ = {
			isa = PBXFrameworksBuildPhase;
			buildActionMask = 2147483647;
			files = (
			);
			runOnlyForDeploymentPostprocessing = 0;
		};
		6EA51CBE2AABD36B005E1FDB /* Frameworks */ = {
			isa = PBXFrameworksBuildPhase;
			buildActionMask = 2147483647;
			files = (
			);
			runOnlyForDeploymentPostprocessing = 0;
		};
/* End PBXFrameworksBuildPhase section */

/* Begin PBXGroup section */
		6EA51C9D2AABD36A005E1FDB = {
			isa = PBXGroup;
			children = (
				6EA51CA82AABD36A005E1FDB /* MarvelCheetsheet */,
				6EA51CBA2AABD36B005E1FDB /* MarvelCheetsheetTests */,
				6EA51CC42AABD36B005E1FDB /* MarvelCheetsheetUITests */,
				6EA51CA72AABD36A005E1FDB /* Products */,
			);
			sourceTree = "<group>";
		};
		6EA51CA72AABD36A005E1FDB /* Products */ = {
			isa = PBXGroup;
			children = (
				6EA51CA62AABD36A005E1FDB /* MarvelCheetsheet.app */,
				6EA51CB72AABD36B005E1FDB /* MarvelCheetsheetTests.xctest */,
				6EA51CC12AABD36B005E1FDB /* MarvelCheetsheetUITests.xctest */,
			);
			name = Products;
			sourceTree = "<group>";
		};
		6EA51CA82AABD36A005E1FDB /* MarvelCheetsheet */ = {
			isa = PBXGroup;
			children = (
				6EA51CA92AABD36A005E1FDB /* MarvelCheetsheetApp.swift */,
				6EA51CAB2AABD36A005E1FDB /* ContentView.swift */,
				6EA51CAD2AABD36A005E1FDB /* Assets.xcassets */,
				6EA51CAF2AABD36A005E1FDB /* MarvelCheetsheet.entitlements */,
				6EA51CB02AABD36A005E1FDB /* Preview Content */,
			);
			path = MarvelCheetsheet;
			sourceTree = "<group>";
		};
		6EA51CB02AABD36A005E1FDB /* Preview Content */ = {
			isa = PBXGroup;
			children = (
				6EA51CB12AABD36A005E1FDB /* Preview Assets.xcassets */,
			);
			path = "Preview Content";
			sourceTree = "<group>";
		};
		6EA51CBA2AABD36B005E1FDB /* MarvelCheetsheetTests */ = {
			isa = PBXGroup;
			children = (
				6EA51CBB2AABD36B005E1FDB /* MarvelCheetsheetTests.swift */,
			);
			path = MarvelCheetsheetTests;
			sourceTree = "<group>";
		};
		6EA51CC42AABD36B005E1FDB /* MarvelCheetsheetUITests */ = {
			isa = PBXGroup;
			children = (
				6EA51CC52AABD36B005E1FDB /* MarvelCheetsheetUITests.swift */,
				6EA51CC72AABD36B005E1FDB /* MarvelCheetsheetUITestsLaunchTests.swift */,
			);
			path = MarvelCheetsheetUITests;
			sourceTree = "<group>";
		};
/* End PBXGroup section */

/* Begin PBXNativeTarget section */
		6EA51CA52AABD36A005E1FDB /* MarvelCheetsheet */ = {
			isa = PBXNativeTarget;
			buildConfigurationList = 6EA51CCB2AABD36B005E1FDB /* Build configuration list for PBXNativeTarget "MarvelCheetsheet" */;
			buildPhases = (
				6EA51CA22AABD36A005E1FDB /* Sources */,
				6EA51CA32AABD36A005E1FDB /* Frameworks */,
				6EA51CA42AABD36A005E1FDB /* Resources */,
			);
			buildRules = (
			);
			dependencies = (
			);
			name = MarvelCheetsheet;
			productName = MarvelCheetsheet;
			productReference = 6EA51CA62AABD36A005E1FDB /* MarvelCheetsheet.app */;
			productType = "com.apple.product-type.application";
		};
		6EA51CB62AABD36B005E1FDB /* MarvelCheetsheetTests */ = {
			isa = PBXNativeTarget;
			buildConfigurationList = 6EA51CCE2AABD36B005E1FDB /* Build configuration list for PBXNativeTarget "MarvelCheetsheetTests" */;
			buildPhases = (
				6EA51CB32AABD36B005E1FDB /* Sources */,
				6EA51CB42AABD36B005E1FDB /* Frameworks */,
				6EA51CB52AABD36B005E1FDB /* Resources */,
			);
			buildRules = (
			);
			dependencies = (
				6EA51CB92AABD36B005E1FDB /* PBXTargetDependency */,
			);
			name = MarvelCheetsheetTests;
			productName = MarvelCheetsheetTests;
			productReference = 6EA51CB72AABD36B005E1FDB /* MarvelCheetsheetTests.xctest */;
			productType = "com.apple.product-type.bundle.unit-test";
		};
		6EA51CC02AABD36B005E1FDB /* MarvelCheetsheetUITests */ = {
			isa = PBXNativeTarget;
			buildConfigurationList = 6EA51CD12AABD36B005E1FDB /* Build configuration list for PBXNativeTarget "MarvelCheetsheetUITests" */;
			buildPhases = (
				6EA51CBD2AABD36B005E1FDB /* Sources */,
				6EA51CBE2AABD36B005E1FDB /* Frameworks */,
				6EA51CBF2AABD36B005E1FDB /* Resources */,
			);
			buildRules = (
			);
			dependencies = (
				6EA51CC32AABD36B005E1FDB /* PBXTargetDependency */,
			);
			name = MarvelCheetsheetUITests;
			productName = MarvelCheetsheetUITests;
			productReference = 6EA51CC12AABD36B005E1FDB /* MarvelCheetsheetUITests.xctest */;
			productType = "com.apple.product-type.bundle.ui-testing";
		};
/* End PBXNativeTarget section */

/* Begin PBXProject section */
		6EA51C9E2AABD36A005E1FDB /* Project object */ = {
			isa = PBXProject;
			attributes = {
				BuildIndependentTargetsInParallel = 1;
				LastSwiftUpdateCheck = 1430;
				LastUpgradeCheck = 1430;
				TargetAttributes = {
					6EA51CA52AABD36A005E1FDB = {
						CreatedOnToolsVersion = 14.3.1;
					};
					6EA51CB62AABD36B005E1FDB = {
						CreatedOnToolsVersion = 14.3.1;
						TestTargetID = 6EA51CA52AABD36A005E1FDB;
					};
					6EA51CC02AABD36B005E1FDB = {
						CreatedOnToolsVersion = 14.3.1;
						TestTargetID = 6EA51CA52AABD36A005E1FDB;
					};
				};
			};
			buildConfigurationList = 6EA51CA12AABD36A005E1FDB /* Build configuration list for PBXProject "MarvelCheetsheet" */;
			compatibilityVersion = "Xcode 14.0";
			developmentRegion = en;
			hasScannedForEncodings = 0;
			knownRegions = (
				en,
				Base,
			);
			mainGroup = 6EA51C9D2AABD36A005E1FDB;
			productRefGroup = 6EA51CA72AABD36A005E1FDB /* Products */;
			projectDirPath = "";
			projectRoot = "";
			targets = (
				6EA51CA52AABD36A005E1FDB /* MarvelCheetsheet */,
				6EA51CB62AABD36B005E1FDB /* MarvelCheetsheetTests */,
				6EA51CC02AABD36B005E1FDB /* MarvelCheetsheetUITests */,
			);
		};
/* End PBXProject section */

/* Begin PBXResourcesBuildPhase section */
		6EA51CA42AABD36A005E1FDB /* Resources */ = {
			isa = PBXResourcesBuildPhase;
			buildActionMask = 2147483647;
			files = (
				6EA51CB22AABD36A005E1FDB /* Preview Assets.xcassets in Resources */,
				6EA51CAE2AABD36A005E1FDB /* Assets.xcassets in Resources */,
			);
			runOnlyForDeploymentPostprocessing = 0;
		};
		6EA51CB52AABD36B005E1FDB /* Resources */ = {
			isa = PBXResourcesBuildPhase;
			buildActionMask = 2147483647;
			files = (
			);
			runOnlyForDeploymentPostprocessing = 0;
		};
		6EA51CBF2AABD36B005E1FDB /* Resources */ = {
			isa = PBXResourcesBuildPhase;
			buildActionMask = 2147483647;
			files = (
			);
			runOnlyForDeploymentPostprocessing = 0;
		};
/* End PBXResourcesBuildPhase section */

/* Begin PBXSourcesBuildPhase section */
		6EA51CA22AABD36A005E1FDB /* Sources */ = {
			isa = PBXSourcesBuildPhase;
			buildActionMask = 2147483647;
			files = (
				6EA51CAC2AABD36A005E1FDB /* ContentView.swift in Sources */,
				6EA51CAA2AABD36A005E1FDB /* MarvelCheetsheetApp.swift in Sources */,
			);
			runOnlyForDeploymentPostprocessing = 0;
		};
		6EA51CB32AABD36B005E1FDB /* Sources */ = {
			isa = PBXSourcesBuildPhase;
			buildActionMask = 2147483647;
			files = (
				6EA51CBC2AABD36B005E1FDB /* MarvelCheetsheetTests.swift in Sources */,
			);
			runOnlyForDeploymentPostprocessing = 0;
		};
		6EA51CBD2AABD36B005E1FDB /* Sources */ = {
			isa = PBXSourcesBuildPhase;
			buildActionMask = 2147483647;
			files = (
				6EA51CC62AABD36B005E1FDB /* MarvelCheetsheetUITests.swift in Sources */,
				6EA51CC82AABD36B005E1FDB /* MarvelCheetsheetUITestsLaunchTests.swift in Sources */,
			);
			runOnlyForDeploymentPostprocessing = 0;
		};
/* End PBXSourcesBuildPhase section */

/* Begin PBXTargetDependency section */
		6EA51CB92AABD36B005E1FDB /* PBXTargetDependency */ = {
			isa = PBXTargetDependency;
			target = 6EA51CA52AABD36A005E1FDB /* MarvelCheetsheet */;
			targetProxy = 6EA51CB82AABD36B005E1FDB /* PBXContainerItemProxy */;
		};
		6EA51CC32AABD36B005E1FDB /* PBXTargetDependency */ = {
			isa = PBXTargetDependency;
			target = 6EA51CA52AABD36A005E1FDB /* MarvelCheetsheet */;
			targetProxy = 6EA51CC22AABD36B005E1FDB /* PBXContainerItemProxy */;
		};
/* End PBXTargetDependency section */

/* Begin XCBuildConfiguration section */
		6EA51CC92AABD36B005E1FDB /* Debug */ = {
			isa = XCBuildConfiguration;
			buildSettings = {
				ALWAYS_SEARCH_USER_PATHS = NO;
				CLANG_ANALYZER_NONNULL = YES;
				CLANG_ANALYZER_NUMBER_OBJECT_CONVERSION = YES_AGGRESSIVE;
				CLANG_CXX_LANGUAGE_STANDARD = "gnu++20";
				CLANG_ENABLE_MODULES = YES;
				CLANG_ENABLE_OBJC_ARC = YES;
				CLANG_ENABLE_OBJC_WEAK = YES;
				CLANG_WARN_BLOCK_CAPTURE_AUTORELEASING = YES;
				CLANG_WARN_BOOL_CONVERSION = YES;
				CLANG_WARN_COMMA = YES;
				CLANG_WARN_CONSTANT_CONVERSION = YES;
				CLANG_WARN_DEPRECATED_OBJC_IMPLEMENTATIONS = YES;
				CLANG_WARN_DIRECT_OBJC_ISA_USAGE = YES_ERROR;
				CLANG_WARN_DOCUMENTATION_COMMENTS = YES;
				CLANG_WARN_EMPTY_BODY = YES;
				CLANG_WARN_ENUM_CONVERSION = YES;
				CLANG_WARN_INFINITE_RECURSION = YES;
				CLANG_WARN_INT_CONVERSION = YES;
				CLANG_WARN_NON_LITERAL_NULL_CONVERSION = YES;
				CLANG_WARN_OBJC_IMPLICIT_RETAIN_SELF = YES;
				CLANG_WARN_OBJC_LITERAL_CONVERSION = YES;
				CLANG_WARN_OBJC_ROOT_CLASS = YES_ERROR;
				CLANG_WARN_QUOTED_INCLUDE_IN_FRAMEWORK_HEADER = YES;
				CLANG_WARN_RANGE_LOOP_ANALYSIS = YES;
				CLANG_WARN_STRICT_PROTOTYPES = YES;
				CLANG_WARN_SUSPICIOUS_MOVE = YES;
				CLANG_WARN_UNGUARDED_AVAILABILITY = YES_AGGRESSIVE;
				CLANG_WARN_UNREACHABLE_CODE = YES;
				CLANG_WARN__DUPLICATE_METHOD_MATCH = YES;
				COPY_PHASE_STRIP = NO;
				DEBUG_INFORMATION_FORMAT = dwarf;
				ENABLE_STRICT_OBJC_MSGSEND = YES;
				ENABLE_TESTABILITY = YES;
				GCC_C_LANGUAGE_STANDARD = gnu11;
				GCC_DYNAMIC_NO_PIC = NO;
				GCC_NO_COMMON_BLOCKS = YES;
				GCC_OPTIMIZATION_LEVEL = 0;
				GCC_PREPROCESSOR_DEFINITIONS = (
					"DEBUG=1",
					"$(inherited)",
				);
				GCC_WARN_64_TO_32_BIT_CONVERSION = YES;
				GCC_WARN_ABOUT_RETURN_TYPE = YES_ERROR;
				GCC_WARN_UNDECLARED_SELECTOR = YES;
				GCC_WARN_UNINITIALIZED_AUTOS = YES_AGGRESSIVE;
				GCC_WARN_UNUSED_FUNCTION = YES;
				GCC_WARN_UNUSED_VARIABLE = YES;
				MTL_ENABLE_DEBUG_INFO = INCLUDE_SOURCE;
				MTL_FAST_MATH = YES;
				ONLY_ACTIVE_ARCH = YES;
				SWIFT_ACTIVE_COMPILATION_CONDITIONS = DEBUG;
				SWIFT_OPTIMIZATION_LEVEL = "-Onone";
			};
			name = Debug;
		};
		6EA51CCA2AABD36B005E1FDB /* Release */ = {
			isa = XCBuildConfiguration;
			buildSettings = {
				ALWAYS_SEARCH_USER_PATHS = NO;
				CLANG_ANALYZER_NONNULL = YES;
				CLANG_ANALYZER_NUMBER_OBJECT_CONVERSION = YES_AGGRESSIVE;
				CLANG_CXX_LANGUAGE_STANDARD = "gnu++20";
				CLANG_ENABLE_MODULES = YES;
				CLANG_ENABLE_OBJC_ARC = YES;
				CLANG_ENABLE_OBJC_WEAK = YES;
				CLANG_WARN_BLOCK_CAPTURE_AUTORELEASING = YES;
				CLANG_WARN_BOOL_CONVERSION = YES;
				CLANG_WARN_COMMA = YES;
				CLANG_WARN_CONSTANT_CONVERSION = YES;
				CLANG_WARN_DEPRECATED_OBJC_IMPLEMENTATIONS = YES;
				CLANG_WARN_DIRECT_OBJC_ISA_USAGE = YES_ERROR;
				CLANG_WARN_DOCUMENTATION_COMMENTS = YES;
				CLANG_WARN_EMPTY_BODY = YES;
				CLANG_WARN_ENUM_CONVERSION = YES;
				CLANG_WARN_INFINITE_RECURSION = YES;
				CLANG_WARN_INT_CONVERSION = YES;
				CLANG_WARN_NON_LITERAL_NULL_CONVERSION = YES;
				CLANG_WARN_OBJC_IMPLICIT_RETAIN_SELF = YES;
				CLANG_WARN_OBJC_LITERAL_CONVERSION = YES;
				CLANG_WARN_OBJC_ROOT_CLASS = YES_ERROR;
				CLANG_WARN_QUOTED_INCLUDE_IN_FRAMEWORK_HEADER = YES;
				CLANG_WARN_RANGE_LOOP_ANALYSIS = YES;
				CLANG_WARN_STRICT_PROTOTYPES = YES;
				CLANG_WARN_SUSPICIOUS_MOVE = YES;
				CLANG_WARN_UNGUARDED_AVAILABILITY = YES_AGGRESSIVE;
				CLANG_WARN_UNREACHABLE_CODE = YES;
				CLANG_WARN__DUPLICATE_METHOD_MATCH = YES;
				COPY_PHASE_STRIP = NO;
				DEBUG_INFORMATION_FORMAT = "dwarf-with-dsym";
				ENABLE_NS_ASSERTIONS = NO;
				ENABLE_STRICT_OBJC_MSGSEND = YES;
				GCC_C_LANGUAGE_STANDARD = gnu11;
				GCC_NO_COMMON_BLOCKS = YES;
				GCC_WARN_64_TO_32_BIT_CONVERSION = YES;
				GCC_WARN_ABOUT_RETURN_TYPE = YES_ERROR;
				GCC_WARN_UNDECLARED_SELECTOR = YES;
				GCC_WARN_UNINITIALIZED_AUTOS = YES_AGGRESSIVE;
				GCC_WARN_UNUSED_FUNCTION = YES;
				GCC_WARN_UNUSED_VARIABLE = YES;
				MTL_ENABLE_DEBUG_INFO = NO;
				MTL_FAST_MATH = YES;
				SWIFT_COMPILATION_MODE = wholemodule;
				SWIFT_OPTIMIZATION_LEVEL = "-O";
			};
			name = Release;
		};
		6EA51CCC2AABD36B005E1FDB /* Debug */ = {
			isa = XCBuildConfiguration;
			buildSettings = {
				ASSETCATALOG_COMPILER_APPICON_NAME = AppIcon;
				ASSETCATALOG_COMPILER_GLOBAL_ACCENT_COLOR_NAME = AccentColor;
				CODE_SIGN_ENTITLEMENTS = MarvelCheetsheet/MarvelCheetsheet.entitlements;
				CODE_SIGN_STYLE = Automatic;
				CURRENT_PROJECT_VERSION = 1;
				DEVELOPMENT_ASSET_PATHS = "\"MarvelCheetsheet/Preview Content\"";
				DEVELOPMENT_TEAM = BMU5QSBAWB;
				ENABLE_HARDENED_RUNTIME = YES;
				ENABLE_PREVIEWS = YES;
				GENERATE_INFOPLIST_FILE = YES;
				"INFOPLIST_KEY_UIApplicationSceneManifest_Generation[sdk=iphoneos*]" = YES;
				"INFOPLIST_KEY_UIApplicationSceneManifest_Generation[sdk=iphonesimulator*]" = YES;
				"INFOPLIST_KEY_UIApplicationSupportsIndirectInputEvents[sdk=iphoneos*]" = YES;
				"INFOPLIST_KEY_UIApplicationSupportsIndirectInputEvents[sdk=iphonesimulator*]" = YES;
				"INFOPLIST_KEY_UILaunchScreen_Generation[sdk=iphoneos*]" = YES;
				"INFOPLIST_KEY_UILaunchScreen_Generation[sdk=iphonesimulator*]" = YES;
				"INFOPLIST_KEY_UIStatusBarStyle[sdk=iphoneos*]" = UIStatusBarStyleDefault;
				"INFOPLIST_KEY_UIStatusBarStyle[sdk=iphonesimulator*]" = UIStatusBarStyleDefault;
				INFOPLIST_KEY_UISupportedInterfaceOrientations_iPad = "UIInterfaceOrientationPortrait UIInterfaceOrientationPortraitUpsideDown UIInterfaceOrientationLandscapeLeft UIInterfaceOrientationLandscapeRight";
				INFOPLIST_KEY_UISupportedInterfaceOrientations_iPhone = "UIInterfaceOrientationPortrait UIInterfaceOrientationLandscapeLeft UIInterfaceOrientationLandscapeRight";
				IPHONEOS_DEPLOYMENT_TARGET = 16.4;
				LD_RUNPATH_SEARCH_PATHS = "@executable_path/Frameworks";
				"LD_RUNPATH_SEARCH_PATHS[sdk=macosx*]" = "@executable_path/../Frameworks";
				MACOSX_DEPLOYMENT_TARGET = 13.3;
				MARKETING_VERSION = 1.0;
				PRODUCT_BUNDLE_IDENTIFIER = jjj.MarvelCheetsheet;
				PRODUCT_NAME = "$(TARGET_NAME)";
				SDKROOT = auto;
				SUPPORTED_PLATFORMS = "iphoneos iphonesimulator macosx";
				SWIFT_EMIT_LOC_STRINGS = YES;
				SWIFT_VERSION = 5.0;
				TARGETED_DEVICE_FAMILY = "1,2";
			};
			name = Debug;
		};
		6EA51CCD2AABD36B005E1FDB /* Release */ = {
			isa = XCBuildConfiguration;
			buildSettings = {
				ASSETCATALOG_COMPILER_APPICON_NAME = AppIcon;
				ASSETCATALOG_COMPILER_GLOBAL_ACCENT_COLOR_NAME = AccentColor;
				CODE_SIGN_ENTITLEMENTS = MarvelCheetsheet/MarvelCheetsheet.entitlements;
				CODE_SIGN_STYLE = Automatic;
				CURRENT_PROJECT_VERSION = 1;
				DEVELOPMENT_ASSET_PATHS = "\"MarvelCheetsheet/Preview Content\"";
				DEVELOPMENT_TEAM = BMU5QSBAWB;
				ENABLE_HARDENED_RUNTIME = YES;
				ENABLE_PREVIEWS = YES;
				GENERATE_INFOPLIST_FILE = YES;
				"INFOPLIST_KEY_UIApplicationSceneManifest_Generation[sdk=iphoneos*]" = YES;
				"INFOPLIST_KEY_UIApplicationSceneManifest_Generation[sdk=iphonesimulator*]" = YES;
				"INFOPLIST_KEY_UIApplicationSupportsIndirectInputEvents[sdk=iphoneos*]" = YES;
				"INFOPLIST_KEY_UIApplicationSupportsIndirectInputEvents[sdk=iphonesimulator*]" = YES;
				"INFOPLIST_KEY_UILaunchScreen_Generation[sdk=iphoneos*]" = YES;
				"INFOPLIST_KEY_UILaunchScreen_Generation[sdk=iphonesimulator*]" = YES;
				"INFOPLIST_KEY_UIStatusBarStyle[sdk=iphoneos*]" = UIStatusBarStyleDefault;
				"INFOPLIST_KEY_UIStatusBarStyle[sdk=iphonesimulator*]" = UIStatusBarStyleDefault;
				INFOPLIST_KEY_UISupportedInterfaceOrientations_iPad = "UIInterfaceOrientationPortrait UIInterfaceOrientationPortraitUpsideDown UIInterfaceOrientationLandscapeLeft UIInterfaceOrientationLandscapeRight";
				INFOPLIST_KEY_UISupportedInterfaceOrientations_iPhone = "UIInterfaceOrientationPortrait UIInterfaceOrientationLandscapeLeft UIInterfaceOrientationLandscapeRight";
				IPHONEOS_DEPLOYMENT_TARGET = 16.4;
				LD_RUNPATH_SEARCH_PATHS = "@executable_path/Frameworks";
				"LD_RUNPATH_SEARCH_PATHS[sdk=macosx*]" = "@executable_path/../Frameworks";
				MACOSX_DEPLOYMENT_TARGET = 13.3;
				MARKETING_VERSION = 1.0;
				PRODUCT_BUNDLE_IDENTIFIER = jjj.MarvelCheetsheet;
				PRODUCT_NAME = "$(TARGET_NAME)";
				SDKROOT = auto;
				SUPPORTED_PLATFORMS = "iphoneos iphonesimulator macosx";
				SWIFT_EMIT_LOC_STRINGS = YES;
				SWIFT_VERSION = 5.0;
				TARGETED_DEVICE_FAMILY = "1,2";
			};
			name = Release;
		};
		6EA51CCF2AABD36B005E1FDB /* Debug */ = {
			isa = XCBuildConfiguration;
			buildSettings = {
				ALWAYS_EMBED_SWIFT_STANDARD_LIBRARIES = YES;
				BUNDLE_LOADER = "$(TEST_HOST)";
				CODE_SIGN_STYLE = Automatic;
				CURRENT_PROJECT_VERSION = 1;
				DEVELOPMENT_TEAM = BMU5QSBAWB;
				GENERATE_INFOPLIST_FILE = YES;
				IPHONEOS_DEPLOYMENT_TARGET = 16.4;
				MACOSX_DEPLOYMENT_TARGET = 13.3;
				MARKETING_VERSION = 1.0;
				PRODUCT_BUNDLE_IDENTIFIER = jjj.MarvelCheetsheetTests;
				PRODUCT_NAME = "$(TARGET_NAME)";
				SDKROOT = auto;
				SUPPORTED_PLATFORMS = "iphoneos iphonesimulator macosx";
				SWIFT_EMIT_LOC_STRINGS = NO;
				SWIFT_VERSION = 5.0;
				TARGETED_DEVICE_FAMILY = "1,2";
				TEST_HOST = "$(BUILT_PRODUCTS_DIR)/MarvelCheetsheet.app/$(BUNDLE_EXECUTABLE_FOLDER_PATH)/MarvelCheetsheet";
			};
			name = Debug;
		};
		6EA51CD02AABD36B005E1FDB /* Release */ = {
			isa = XCBuildConfiguration;
			buildSettings = {
				ALWAYS_EMBED_SWIFT_STANDARD_LIBRARIES = YES;
				BUNDLE_LOADER = "$(TEST_HOST)";
				CODE_SIGN_STYLE = Automatic;
				CURRENT_PROJECT_VERSION = 1;
				DEVELOPMENT_TEAM = BMU5QSBAWB;
				GENERATE_INFOPLIST_FILE = YES;
				IPHONEOS_DEPLOYMENT_TARGET = 16.4;
				MACOSX_DEPLOYMENT_TARGET = 13.3;
				MARKETING_VERSION = 1.0;
				PRODUCT_BUNDLE_IDENTIFIER = jjj.MarvelCheetsheetTests;
				PRODUCT_NAME = "$(TARGET_NAME)";
				SDKROOT = auto;
				SUPPORTED_PLATFORMS = "iphoneos iphonesimulator macosx";
				SWIFT_EMIT_LOC_STRINGS = NO;
				SWIFT_VERSION = 5.0;
				TARGETED_DEVICE_FAMILY = "1,2";
				TEST_HOST = "$(BUILT_PRODUCTS_DIR)/MarvelCheetsheet.app/$(BUNDLE_EXECUTABLE_FOLDER_PATH)/MarvelCheetsheet";
			};
			name = Release;
		};
		6EA51CD22AABD36B005E1FDB /* Debug */ = {
			isa = XCBuildConfiguration;
			buildSettings = {
				ALWAYS_EMBED_SWIFT_STANDARD_LIBRARIES = YES;
				CODE_SIGN_STYLE = Automatic;
				CURRENT_PROJECT_VERSION = 1;
				DEVELOPMENT_TEAM = BMU5QSBAWB;
				GENERATE_INFOPLIST_FILE = YES;
				IPHONEOS_DEPLOYMENT_TARGET = 16.4;
				MACOSX_DEPLOYMENT_TARGET = 13.3;
				MARKETING_VERSION = 1.0;
				PRODUCT_BUNDLE_IDENTIFIER = jjj.MarvelCheetsheetUITests;
				PRODUCT_NAME = "$(TARGET_NAME)";
				SDKROOT = auto;
				SUPPORTED_PLATFORMS = "iphoneos iphonesimulator macosx";
				SWIFT_EMIT_LOC_STRINGS = NO;
				SWIFT_VERSION = 5.0;
				TARGETED_DEVICE_FAMILY = "1,2";
				TEST_TARGET_NAME = MarvelCheetsheet;
			};
			name = Debug;
		};
		6EA51CD32AABD36B005E1FDB /* Release */ = {
			isa = XCBuildConfiguration;
			buildSettings = {
				ALWAYS_EMBED_SWIFT_STANDARD_LIBRARIES = YES;
				CODE_SIGN_STYLE = Automatic;
				CURRENT_PROJECT_VERSION = 1;
				DEVELOPMENT_TEAM = BMU5QSBAWB;
				GENERATE_INFOPLIST_FILE = YES;
				IPHONEOS_DEPLOYMENT_TARGET = 16.4;
				MACOSX_DEPLOYMENT_TARGET = 13.3;
				MARKETING_VERSION = 1.0;
				PRODUCT_BUNDLE_IDENTIFIER = jjj.MarvelCheetsheetUITests;
				PRODUCT_NAME = "$(TARGET_NAME)";
				SDKROOT = auto;
				SUPPORTED_PLATFORMS = "iphoneos iphonesimulator macosx";
				SWIFT_EMIT_LOC_STRINGS = NO;
				SWIFT_VERSION = 5.0;
				TARGETED_DEVICE_FAMILY = "1,2";
				TEST_TARGET_NAME = MarvelCheetsheet;
			};
			name = Release;
		};
/* End XCBuildConfiguration section */

/* Begin XCConfigurationList section */
		6EA51CA12AABD36A005E1FDB /* Build configuration list for PBXProject "MarvelCheetsheet" */ = {
			isa = XCConfigurationList;
			buildConfigurations = (
				6EA51CC92AABD36B005E1FDB /* Debug */,
				6EA51CCA2AABD36B005E1FDB /* Release */,
			);
			defaultConfigurationIsVisible = 0;
			defaultConfigurationName = Release;
		};
		6EA51CCB2AABD36B005E1FDB /* Build configuration list for PBXNativeTarget "MarvelCheetsheet" */ = {
			isa = XCConfigurationList;
			buildConfigurations = (
				6EA51CCC2AABD36B005E1FDB /* Debug */,
				6EA51CCD2AABD36B005E1FDB /* Release */,
			);
			defaultConfigurationIsVisible = 0;
			defaultConfigurationName = Release;
		};
		6EA51CCE2AABD36B005E1FDB /* Build configuration list for PBXNativeTarget "MarvelCheetsheetTests" */ = {
			isa = XCConfigurationList;
			buildConfigurations = (
				6EA51CCF2AABD36B005E1FDB /* Debug */,
				6EA51CD02AABD36B005E1FDB /* Release */,
			);
			defaultConfigurationIsVisible = 0;
			defaultConfigurationName = Release;
		};
		6EA51CD12AABD36B005E1FDB /* Build configuration list for PBXNativeTarget "MarvelCheetsheetUITests" */ = {
			isa = XCConfigurationList;
			buildConfigurations = (
				6EA51CD22AABD36B005E1FDB /* Debug */,
				6EA51CD32AABD36B005E1FDB /* Release */,
			);
			defaultConfigurationIsVisible = 0;
			defaultConfigurationName = Release;
		};
/* End XCConfigurationList section */
	};
	rootObject = 6EA51C9E2AABD36A005E1FDB /* Project object */;
}
